
Microsoft Visual Studio Solution File, Format Version 12.00
# Visual Studio 15
VisualStudioVersion = 15.0.27130.2010
MinimumVisualStudioVersion = 10.0.40219.1
Project("{FAE04EC0-301F-11D3-BF4B-00C04F79EFBC}") = "BattleCodeCS", "BattleCodeCS\BattleCodeCS.csproj", "{F71B3823-2E90-4390-A08A-6B531643FB95}"
EndProject
Global
	GlobalSection(SolutionConfigurationPlatforms) = preSolution
		Debug|Any CPU = Debug|Any CPU
		Release|Any CPU = Release|Any CPU
	EndGlobalSection
	GlobalSection(ProjectConfigurationPlatforms) = postSolution
		{F71B3823-2E90-4390-A08A-6B531643FB95}.Debug|Any CPU.ActiveCfg = Debug|Any CPU
		{F71B3823-2E90-4390-A08A-6B531643FB95}.Debug|Any CPU.Build.0 = Debug|Any CPU
		{F71B3823-2E90-4390-A08A-6B531643FB95}.Release|Any CPU.ActiveCfg = Release|Any CPU
		{F71B3823-2E90-4390-A08A-6B531643FB95}.Release|Any CPU.Build.0 = Release|Any CPU
	EndGlobalSection
	GlobalSection(SolutionProperties) = preSolution
		HideSolutionNode = FALSE
	EndGlobalSection
	GlobalSection(ExtensibilityGlobals) = postSolution
		SolutionGuid = {FB0F0367-4440-4BDB-B2C8-C54F4542D835}
	EndGlobalSection
EndGlobal
